// !$*UTF8*$!
{
	archiveVersion = 1;
	classes = {
	};
	objectVersion = 56;
	objects = {

/* Begin PBXBuildFile section */
		5D0CFBDF2A9F78D400FB1DA2 /* NavigationStackTutorailApp.swift in Sources */ = {isa = PBXBuildFile; fileRef = 5D0CFBDE2A9F78D400FB1DA2 /* NavigationStackTutorailApp.swift */; };
		5D0CFBE12A9F78D400FB1DA2 /* ContentView.swift in Sources */ = {isa = PBXBuildFile; fileRef = 5D0CFBE02A9F78D400FB1DA2 /* ContentView.swift */; };
		5D0CFBE32A9F78E000FB1DA2 /* Assets.xcassets in Resources */ = {isa = PBXBuildFile; fileRef = 5D0CFBE22A9F78E000FB1DA2 /* Assets.xcassets */; };
		5D0CFBE62A9F78E000FB1DA2 /* Preview Assets.xcassets in Resources */ = {isa = PBXBuildFile; fileRef = 5D0CFBE52A9F78E000FB1DA2 /* Preview Assets.xcassets */; };
		5D0CFBF02A9F78E100FB1DA2 /* NavigationStackTutorailTests.swift in Sources */ = {isa = PBXBuildFile; fileRef = 5D0CFBEF2A9F78E100FB1DA2 /* NavigationStackTutorailTests.swift */; };
		5D0CFBFA2A9F78E100FB1DA2 /* demoappUITests.swift in Sources */ = {isa = PBXBuildFile; fileRef = 5D0CFBF92A9F78E100FB1DA2 /* demoappUITests.swift */; };
		5D0CFBFC2A9F78E100FB1DA2 /* demoappUITestsLaunchTests.swift in Sources */ = {isa = PBXBuildFile; fileRef = 5D0CFBFB2A9F78E100FB1DA2 /* demoappUITestsLaunchTests.swift */; };
		5D0CFC092A9F81AF00FB1DA2 /* TutorialView.swift in Sources */ = {isa = PBXBuildFile; fileRef = 5D0CFC082A9F81AF00FB1DA2 /* TutorialView.swift */; };
/* End PBXBuildFile section */

/* Begin PBXContainerItemProxy section */
		5D0CFBEC2A9F78E100FB1DA2 /* PBXContainerItemProxy */ = {
			isa = PBXContainerItemProxy;
			containerPortal = 5D0CFBD32A9F78D400FB1DA2 /* Project object */;
			proxyType = 1;
			remoteGlobalIDString = 5D0CFBDA2A9F78D400FB1DA2;
			remoteInfo = demoapp;
		};
		5D0CFBF62A9F78E100FB1DA2 /* PBXContainerItemProxy */ = {
			isa = PBXContainerItemProxy;
			containerPortal = 5D0CFBD32A9F78D400FB1DA2 /* Project object */;
			proxyType = 1;
			remoteGlobalIDString = 5D0CFBDA2A9F78D400FB1DA2;
			remoteInfo = demoapp;
		};
/* End PBXContainerItemProxy section */

/* Begin PBXFileReference section */
		5D0CFBDB2A9F78D400FB1DA2 /* NavigationStackTutorail.app */ = {isa = PBXFileReference; explicitFileType = wrapper.application; includeInIndex = 0; path = NavigationStackTutorail.app; sourceTree = BUILT_PRODUCTS_DIR; };
		5D0CFBDE2A9F78D400FB1DA2 /* NavigationStackTutorailApp.swift */ = {isa = PBXFileReference; lastKnownFileType = sourcecode.swift; path = NavigationStackTutorailApp.swift; sourceTree = "<group>"; };
		5D0CFBE02A9F78D400FB1DA2 /* ContentView.swift */ = {isa = PBXFileReference; lastKnownFileType = sourcecode.swift; path = ContentView.swift; sourceTree = "<group>"; };
		5D0CFBE22A9F78E000FB1DA2 /* Assets.xcassets */ = {isa = PBXFileReference; lastKnownFileType = folder.assetcatalog; path = Assets.xcassets; sourceTree = "<group>"; };
		5D0CFBE52A9F78E000FB1DA2 /* Preview Assets.xcassets */ = {isa = PBXFileReference; lastKnownFileType = folder.assetcatalog; path = "Preview Assets.xcassets"; sourceTree = "<group>"; };
		5D0CFBEB2A9F78E100FB1DA2 /* NavigationStackTutorailTests.xctest */ = {isa = PBXFileReference; explicitFileType = wrapper.cfbundle; includeInIndex = 0; path = NavigationStackTutorailTests.xctest; sourceTree = BUILT_PRODUCTS_DIR; };
		5D0CFBEF2A9F78E100FB1DA2 /* NavigationStackTutorailTests.swift */ = {isa = PBXFileReference; lastKnownFileType = sourcecode.swift; path = NavigationStackTutorailTests.swift; sourceTree = "<group>"; };
		5D0CFBF52A9F78E100FB1DA2 /* NavigationStackTutorailUITests.xctest */ = {isa = PBXFileReference; explicitFileType = wrapper.cfbundle; includeInIndex = 0; path = NavigationStackTutorailUITests.xctest; sourceTree = BUILT_PRODUCTS_DIR; };
		5D0CFBF92A9F78E100FB1DA2 /* demoappUITests.swift */ = {isa = PBXFileReference; lastKnownFileType = sourcecode.swift; path = demoappUITests.swift; sourceTree = "<group>"; };
		5D0CFBFB2A9F78E100FB1DA2 /* demoappUITestsLaunchTests.swift */ = {isa = PBXFileReference; lastKnownFileType = sourcecode.swift; path = demoappUITestsLaunchTests.swift; sourceTree = "<group>"; };
		5D0CFC082A9F81AF00FB1DA2 /* TutorialView.swift */ = {isa = PBXFileReference; lastKnownFileType = sourcecode.swift; path = TutorialView.swift; sourceTree = "<group>"; };
/* End PBXFileReference section */

/* Begin PBXFrameworksBuildPhase section */
		5D0CFBD82A9F78D400FB1DA2 /* Frameworks */ = {
			isa = PBXFrameworksBuildPhase;
			buildActionMask = 2147483647;
			files = (
			);
			runOnlyForDeploymentPostprocessing = 0;
		};
		5D0CFBE82A9F78E100FB1DA2 /* Frameworks */ = {
			isa = PBXFrameworksBuildPhase;
			buildActionMask = 2147483647;
			files = (
			);
			runOnlyForDeploymentPostprocessing = 0;
		};
		5D0CFBF22A9F78E100FB1DA2 /* Frameworks */ = {
			isa = PBXFrameworksBuildPhase;
			buildActionMask = 2147483647;
			files = (
			);
			runOnlyForDeploymentPostprocessing = 0;
		};
/* End PBXFrameworksBuildPhase section */

/* Begin PBXGroup section */
		5D0CFBD22A9F78D400FB1DA2 = {
			isa = PBXGroup;
			children = (
				5D0CFBDD2A9F78D400FB1DA2 /* NavigationStackTutorail */,
				5D0CFBEE2A9F78E100FB1DA2 /* NavigationStackTutorailTests */,
				5D0CFBF82A9F78E100FB1DA2 /* NavigationStackTutorailUITests */,
				5D0CFBDC2A9F78D400FB1DA2 /* Products */,
			);
			sourceTree = "<group>";
		};
		5D0CFBDC2A9F78D400FB1DA2 /* Products */ = {
			isa = PBXGroup;
			children = (
				5D0CFBDB2A9F78D400FB1DA2 /* NavigationStackTutorail.app */,
				5D0CFBEB2A9F78E100FB1DA2 /* NavigationStackTutorailTests.xctest */,
				5D0CFBF52A9F78E100FB1DA2 /* NavigationStackTutorailUITests.xctest */,
			);
			name = Products;
			sourceTree = "<group>";
		};
		5D0CFBDD2A9F78D400FB1DA2 /* NavigationStackTutorail */ = {
			isa = PBXGroup;
			children = (
				5D0CFBDE2A9F78D400FB1DA2 /* NavigationStackTutorailApp.swift */,
				5D0CFBE02A9F78D400FB1DA2 /* ContentView.swift */,
				5D0CFC082A9F81AF00FB1DA2 /* TutorialView.swift */,
				5D0CFBE22A9F78E000FB1DA2 /* Assets.xcassets */,
				5D0CFBE42A9F78E000FB1DA2 /* Preview Content */,
			);
			path = NavigationStackTutorail;
			sourceTree = "<group>";
		};
		5D0CFBE42A9F78E000FB1DA2 /* Preview Content */ = {
			isa = PBXGroup;
			children = (
				5D0CFBE52A9F78E000FB1DA2 /* Preview Assets.xcassets */,
			);
			path = "Preview Content";
			sourceTree = "<group>";
		};
		5D0CFBEE2A9F78E100FB1DA2 /* NavigationStackTutorailTests */ = {
			isa = PBXGroup;
			children = (
				5D0CFBEF2A9F78E100FB1DA2 /* NavigationStackTutorailTests.swift */,
			);
			path = NavigationStackTutorailTests;
			sourceTree = "<group>";
		};
		5D0CFBF82A9F78E100FB1DA2 /* NavigationStackTutorailUITests */ = {
			isa = PBXGroup;
			children = (
				5D0CFBF92A9F78E100FB1DA2 /* demoappUITests.swift */,
				5D0CFBFB2A9F78E100FB1DA2 /* demoappUITestsLaunchTests.swift */,
			);
			path = NavigationStackTutorailUITests;
			sourceTree = "<group>";
		};
/* End PBXGroup section */

/* Begin PBXNativeTarget section */
		5D0CFBDA2A9F78D400FB1DA2 /* NavigationStackTutorail */ = {
			isa = PBXNativeTarget;
			buildConfigurationList = 5D0CFBFF2A9F78E100FB1DA2 /* Build configuration list for PBXNativeTarget "NavigationStackTutorail" */;
			buildPhases = (
				5D0CFBD72A9F78D400FB1DA2 /* Sources */,
				5D0CFBD82A9F78D400FB1DA2 /* Frameworks */,
				5D0CFBD92A9F78D400FB1DA2 /* Resources */,
			);
			buildRules = (
			);
			dependencies = (
			);
			name = NavigationStackTutorail;
			productName = demoapp;
			productReference = 5D0CFBDB2A9F78D400FB1DA2 /* NavigationStackTutorail.app */;
			productType = "com.apple.product-type.application";
		};
		5D0CFBEA2A9F78E100FB1DA2 /* NavigationStackTutorailTests */ = {
			isa = PBXNativeTarget;
			buildConfigurationList = 5D0CFC022A9F78E100FB1DA2 /* Build configuration list for PBXNativeTarget "NavigationStackTutorailTests" */;
			buildPhases = (
				5D0CFBE72A9F78E100FB1DA2 /* Sources */,
				5D0CFBE82A9F78E100FB1DA2 /* Frameworks */,
				5D0CFBE92A9F78E100FB1DA2 /* Resources */,
			);
			buildRules = (
			);
			dependencies = (
				5D0CFBED2A9F78E100FB1DA2 /* PBXTargetDependency */,
			);
			name = NavigationStackTutorailTests;
			productName = demoappTests;
			productReference = 5D0CFBEB2A9F78E100FB1DA2 /* NavigationStackTutorailTests.xctest */;
			productType = "com.apple.product-type.bundle.unit-test";
		};
		5D0CFBF42A9F78E100FB1DA2 /* NavigationStackTutorailUITests */ = {
			isa = PBXNativeTarget;
			buildConfigurationList = 5D0CFC052A9F78E100FB1DA2 /* Build configuration list for PBXNativeTarget "NavigationStackTutorailUITests" */;
			buildPhases = (
				5D0CFBF12A9F78E100FB1DA2 /* Sources */,
				5D0CFBF22A9F78E100FB1DA2 /* Frameworks */,
				5D0CFBF32A9F78E100FB1DA2 /* Resources */,
			);
			buildRules = (
			);
			dependencies = (
				5D0CFBF72A9F78E100FB1DA2 /* PBXTargetDependency */,
			);
			name = NavigationStackTutorailUITests;
			productName = demoappUITests;
			productReference = 5D0CFBF52A9F78E100FB1DA2 /* NavigationStackTutorailUITests.xctest */;
			productType = "com.apple.product-type.bundle.ui-testing";
		};
/* End PBXNativeTarget section */

/* Begin PBXProject section */
		5D0CFBD32A9F78D400FB1DA2 /* Project object */ = {
			isa = PBXProject;
			attributes = {
				BuildIndependentTargetsInParallel = 1;
				LastSwiftUpdateCheck = 1500;
				LastUpgradeCheck = 1500;
				TargetAttributes = {
					5D0CFBDA2A9F78D400FB1DA2 = {
						CreatedOnToolsVersion = 15.0;
					};
					5D0CFBEA2A9F78E100FB1DA2 = {
						CreatedOnToolsVersion = 15.0;
						TestTargetID = 5D0CFBDA2A9F78D400FB1DA2;
					};
					5D0CFBF42A9F78E100FB1DA2 = {
						CreatedOnToolsVersion = 15.0;
						TestTargetID = 5D0CFBDA2A9F78D400FB1DA2;
					};
				};
			};
			buildConfigurationList = 5D0CFBD62A9F78D400FB1DA2 /* Build configuration list for PBXProject "NavigationStackTutorial" */;
			compatibilityVersion = "Xcode 14.0";
			developmentRegion = en;
			hasScannedForEncodings = 0;
			knownRegions = (
				en,
				Base,
			);
			mainGroup = 5D0CFBD22A9F78D400FB1DA2;
			productRefGroup = 5D0CFBDC2A9F78D400FB1DA2 /* Products */;
			projectDirPath = "";
			projectRoot = "";
			targets = (
				5D0CFBDA2A9F78D400FB1DA2 /* NavigationStackTutorail */,
				5D0CFBEA2A9F78E100FB1DA2 /* NavigationStackTutorailTests */,
				5D0CFBF42A9F78E100FB1DA2 /* NavigationStackTutorailUITests */,
			);
		};
/* End PBXProject section */

/* Begin PBXResourcesBuildPhase section */
		5D0CFBD92A9F78D400FB1DA2 /* Resources */ = {
			isa = PBXResourcesBuildPhase;
			buildActionMask = 2147483647;
			files = (
				5D0CFBE62A9F78E000FB1DA2 /* Preview Assets.xcassets in Resources */,
				5D0CFBE32A9F78E000FB1DA2 /* Assets.xcassets in Resources */,
			);
			runOnlyForDeploymentPostprocessing = 0;
		};
		5D0CFBE92A9F78E100FB1DA2 /* Resources */ = {
			isa = PBXResourcesBuildPhase;
			buildActionMask = 2147483647;
			files = (
			);
			runOnlyForDeploymentPostprocessing = 0;
		};
		5D0CFBF32A9F78E100FB1DA2 /* Resources */ = {
			isa = PBXResourcesBuildPhase;
			buildActionMask = 2147483647;
			files = (
			);
			runOnlyForDeploymentPostprocessing = 0;
		};
/* End PBXResourcesBuildPhase section */

/* Begin PBXSourcesBuildPhase section */
		5D0CFBD72A9F78D400FB1DA2 /* Sources */ = {
			isa = PBXSourcesBuildPhase;
			buildActionMask = 2147483647;
			files = (
				5D0CFBE12A9F78D400FB1DA2 /* ContentView.swift in Sources */,
				5D0CFBDF2A9F78D400FB1DA2 /* NavigationStackTutorailApp.swift in Sources */,
				5D0CFC092A9F81AF00FB1DA2 /* TutorialView.swift in Sources */,
			);
			runOnlyForDeploymentPostprocessing = 0;
		};
		5D0CFBE72A9F78E100FB1DA2 /* Sources */ = {
			isa = PBXSourcesBuildPhase;
			buildActionMask = 2147483647;
			files = (
				5D0CFBF02A9F78E100FB1DA2 /* NavigationStackTutorailTests.swift in Sources */,
			);
			runOnlyForDeploymentPostprocessing = 0;
		};
		5D0CFBF12A9F78E100FB1DA2 /* Sources */ = {
			isa = PBXSourcesBuildPhase;
			buildActionMask = 2147483647;
			files = (
				5D0CFBFA2A9F78E100FB1DA2 /* demoappUITests.swift in Sources */,
				5D0CFBFC2A9F78E100FB1DA2 /* demoappUITestsLaunchTests.swift in Sources */,
			);
			runOnlyForDeploymentPostprocessing = 0;
		};
/* End PBXSourcesBuildPhase section */

/* Begin PBXTargetDependency section */
		5D0CFBED2A9F78E100FB1DA2 /* PBXTargetDependency */ = {
			isa = PBXTargetDependency;
			target = 5D0CFBDA2A9F78D400FB1DA2 /* NavigationStackTutorail */;
			targetProxy = 5D0CFBEC2A9F78E100FB1DA2 /* PBXContainerItemProxy */;
		};
		5D0CFBF72A9F78E100FB1DA2 /* PBXTargetDependency */ = {
			isa = PBXTargetDependency;
			target = 5D0CFBDA2A9F78D400FB1DA2 /* NavigationStackTutorail */;
			targetProxy = 5D0CFBF62A9F78E100FB1DA2 /* PBXContainerItemProxy */;
		};
/* End PBXTargetDependency section */

/* Begin XCBuildConfiguration section */
		5D0CFBFD2A9F78E100FB1DA2 /* Debug */ = {
			isa = XCBuildConfiguration;
			buildSettings = {
				ALWAYS_SEARCH_USER_PATHS = NO;
				ASSETCATALOG_COMPILER_GENERATE_SWIFT_ASSET_SYMBOL_EXTENSIONS = YES;
				CLANG_ANALYZER_NONNULL = YES;
				CLANG_ANALYZER_NUMBER_OBJECT_CONVERSION = YES_AGGRESSIVE;
				CLANG_CXX_LANGUAGE_STANDARD = "gnu++20";
				CLANG_ENABLE_MODULES = YES;
				CLANG_ENABLE_OBJC_ARC = YES;
				CLANG_ENABLE_OBJC_WEAK = YES;
				CLANG_WARN_BLOCK_CAPTURE_AUTORELEASING = YES;
				CLANG_WARN_BOOL_CONVERSION = YES;
				CLANG_WARN_COMMA = YES;
				CLANG_WARN_CONSTANT_CONVERSION = YES;
				CLANG_WARN_DEPRECATED_OBJC_IMPLEMENTATIONS = YES;
				CLANG_WARN_DIRECT_OBJC_ISA_USAGE = YES_ERROR;
				CLANG_WARN_DOCUMENTATION_COMMENTS = YES;
				CLANG_WARN_EMPTY_BODY = YES;
				CLANG_WARN_ENUM_CONVERSION = YES;
				CLANG_WARN_INFINITE_RECURSION = YES;
				CLANG_WARN_INT_CONVERSION = YES;
				CLANG_WARN_NON_LITERAL_NULL_CONVERSION = YES;
				CLANG_WARN_OBJC_IMPLICIT_RETAIN_SELF = YES;
				CLANG_WARN_OBJC_LITERAL_CONVERSION = YES;
				CLANG_WARN_OBJC_ROOT_CLASS = YES_ERROR;
				CLANG_WARN_QUOTED_INCLUDE_IN_FRAMEWORK_HEADER = YES;
				CLANG_WARN_RANGE_LOOP_ANALYSIS = YES;
				CLANG_WARN_STRICT_PROTOTYPES = YES;
				CLANG_WARN_SUSPICIOUS_MOVE = YES;
				CLANG_WARN_UNGUARDED_AVAILABILITY = YES_AGGRESSIVE;
				CLANG_WARN_UNREACHABLE_CODE = YES;
				CLANG_WARN__DUPLICATE_METHOD_MATCH = YES;
				COPY_PHASE_STRIP = NO;
				DEBUG_INFORMATION_FORMAT = dwarf;
				ENABLE_STRICT_OBJC_MSGSEND = YES;
				ENABLE_TESTABILITY = YES;
				ENABLE_USER_SCRIPT_SANDBOXING = YES;
				GCC_C_LANGUAGE_STANDARD = gnu17;
				GCC_DYNAMIC_NO_PIC = NO;
				GCC_NO_COMMON_BLOCKS = YES;
				GCC_OPTIMIZATION_LEVEL = 0;
				GCC_PREPROCESSOR_DEFINITIONS = (
					"DEBUG=1",
					"$(inherited)",
				);
				GCC_WARN_64_TO_32_BIT_CONVERSION = YES;
				GCC_WARN_ABOUT_RETURN_TYPE = YES_ERROR;
				GCC_WARN_UNDECLARED_SELECTOR = YES;
				GCC_WARN_UNINITIALIZED_AUTOS = YES_AGGRESSIVE;
				GCC_WARN_UNUSED_FUNCTION = YES;
				GCC_WARN_UNUSED_VARIABLE = YES;
				IPHONEOS_DEPLOYMENT_TARGET = 17.0;
				LOCALIZATION_PREFERS_STRING_CATALOGS = YES;
				MTL_ENABLE_DEBUG_INFO = INCLUDE_SOURCE;
				MTL_FAST_MATH = YES;
				ONLY_ACTIVE_ARCH = YES;
				SDKROOT = iphoneos;
				SWIFT_ACTIVE_COMPILATION_CONDITIONS = "DEBUG $(inherited)";
				SWIFT_OPTIMIZATION_LEVEL = "-Onone";
			};
			name = Debug;
		};
		5D0CFBFE2A9F78E100FB1DA2 /* Release */ = {
			isa = XCBuildConfiguration;
			buildSettings = {
				ALWAYS_SEARCH_USER_PATHS = NO;
				ASSETCATALOG_COMPILER_GENERATE_SWIFT_ASSET_SYMBOL_EXTENSIONS = YES;
				CLANG_ANALYZER_NONNULL = YES;
				CLANG_ANALYZER_NUMBER_OBJECT_CONVERSION = YES_AGGRESSIVE;
				CLANG_CXX_LANGUAGE_STANDARD = "gnu++20";
				CLANG_ENABLE_MODULES = YES;
				CLANG_ENABLE_OBJC_ARC = YES;
				CLANG_ENABLE_OBJC_WEAK = YES;
				CLANG_WARN_BLOCK_CAPTURE_AUTORELEASING = YES;
				CLANG_WARN_BOOL_CONVERSION = YES;
				CLANG_WARN_COMMA = YES;
				CLANG_WARN_CONSTANT_CONVERSION = YES;
				CLANG_WARN_DEPRECATED_OBJC_IMPLEMENTATIONS = YES;
				CLANG_WARN_DIRECT_OBJC_ISA_USAGE = YES_ERROR;
				CLANG_WARN_DOCUMENTATION_COMMENTS = YES;
				CLANG_WARN_EMPTY_BODY = YES;
				CLANG_WARN_ENUM_CONVERSION = YES;
				CLANG_WARN_INFINITE_RECURSION = YES;
				CLANG_WARN_INT_CONVERSION = YES;
				CLANG_WARN_NON_LITERAL_NULL_CONVERSION = YES;
				CLANG_WARN_OBJC_IMPLICIT_RETAIN_SELF = YES;
				CLANG_WARN_OBJC_LITERAL_CONVERSION = YES;
				CLANG_WARN_OBJC_ROOT_CLASS = YES_ERROR;
				CLANG_WARN_QUOTED_INCLUDE_IN_FRAMEWORK_HEADER = YES;
				CLANG_WARN_RANGE_LOOP_ANALYSIS = YES;
				CLANG_WARN_STRICT_PROTOTYPES = YES;
				CLANG_WARN_SUSPICIOUS_MOVE = YES;
				CLANG_WARN_UNGUARDED_AVAILABILITY = YES_AGGRESSIVE;
				CLANG_WARN_UNREACHABLE_CODE = YES;
				CLANG_WARN__DUPLICATE_METHOD_MATCH = YES;
				COPY_PHASE_STRIP = NO;
				DEBUG_INFORMATION_FORMAT = "dwarf-with-dsym";
				ENABLE_NS_ASSERTIONS = NO;
				ENABLE_STRICT_OBJC_MSGSEND = YES;
				ENABLE_USER_SCRIPT_SANDBOXING = YES;
				GCC_C_LANGUAGE_STANDARD = gnu17;
				GCC_NO_COMMON_BLOCKS = YES;
				GCC_WARN_64_TO_32_BIT_CONVERSION = YES;
				GCC_WARN_ABOUT_RETURN_TYPE = YES_ERROR;
				GCC_WARN_UNDECLARED_SELECTOR = YES;
				GCC_WARN_UNINITIALIZED_AUTOS = YES_AGGRESSIVE;
				GCC_WARN_UNUSED_FUNCTION = YES;
				GCC_WARN_UNUSED_VARIABLE = YES;
				IPHONEOS_DEPLOYMENT_TARGET = 17.0;
				LOCALIZATION_PREFERS_STRING_CATALOGS = YES;
				MTL_ENABLE_DEBUG_INFO = NO;
				MTL_FAST_MATH = YES;
				SDKROOT = iphoneos;
				SWIFT_COMPILATION_MODE = wholemodule;
				VALIDATE_PRODUCT = YES;
			};
			name = Release;
		};
		5D0CFC002A9F78E100FB1DA2 /* Debug */ = {
			isa = XCBuildConfiguration;
			buildSettings = {
				ASSETCATALOG_COMPILER_APPICON_NAME = AppIcon;
				ASSETCATALOG_COMPILER_GLOBAL_ACCENT_COLOR_NAME = AccentColor;
				CODE_SIGN_STYLE = Automatic;
				CURRENT_PROJECT_VERSION = 1;
				DEVELOPMENT_ASSET_PATHS = "\"NavigationStackTutorail/Preview Content\"";
				DEVELOPMENT_TEAM = CT7H96YF74;
				ENABLE_PREVIEWS = YES;
				GENERATE_INFOPLIST_FILE = YES;
				INFOPLIST_KEY_UIApplicationSceneManifest_Generation = YES;
				INFOPLIST_KEY_UIApplicationSupportsIndirectInputEvents = YES;
				INFOPLIST_KEY_UILaunchScreen_Generation = YES;
				INFOPLIST_KEY_UISupportedInterfaceOrientations_iPad = "UIInterfaceOrientationPortrait UIInterfaceOrientationPortraitUpsideDown UIInterfaceOrientationLandscapeLeft UIInterfaceOrientationLandscapeRight";
				INFOPLIST_KEY_UISupportedInterfaceOrientations_iPhone = "UIInterfaceOrientationPortrait UIInterfaceOrientationLandscapeLeft UIInterfaceOrientationLandscapeRight";
				IPHONEOS_DEPLOYMENT_TARGET = 16.0;
				LD_RUNPATH_SEARCH_PATHS = (
					"$(inherited)",
					"@executable_path/Frameworks",
				);
				MARKETING_VERSION = 1.0;
				PRODUCT_BUNDLE_IDENTIFIER = KamsQue.demoapp;
				PRODUCT_NAME = "$(TARGET_NAME)";
				SWIFT_EMIT_LOC_STRINGS = YES;
				SWIFT_VERSION = 5.0;
				TARGETED_DEVICE_FAMILY = "1,2";
			};
			name = Debug;
		};
		5D0CFC012A9F78E100FB1DA2 /* Release */ = {
			isa = XCBuildConfiguration;
			buildSettings = {
				ASSETCATALOG_COMPILER_APPICON_NAME = AppIcon;
				ASSETCATALOG_COMPILER_GLOBAL_ACCENT_COLOR_NAME = AccentColor;
				CODE_SIGN_STYLE = Automatic;
				CURRENT_PROJECT_VERSION = 1;
				DEVELOPMENT_ASSET_PATHS = "\"NavigationStackTutorail/Preview Content\"";
				DEVELOPMENT_TEAM = CT7H96YF74;
				ENABLE_PREVIEWS = YES;
				GENERATE_INFOPLIST_FILE = YES;
				INFOPLIST_KEY_UIApplicationSceneManifest_Generation = YES;
				INFOPLIST_KEY_UIApplicationSupportsIndirectInputEvents = YES;
				INFOPLIST_KEY_UILaunchScreen_Generation = YES;
				INFOPLIST_KEY_UISupportedInterfaceOrientations_iPad = "UIInterfaceOrientationPortrait UIInterfaceOrientationPortraitUpsideDown UIInterfaceOrientationLandscapeLeft UIInterfaceOrientationLandscapeRight";
				INFOPLIST_KEY_UISupportedInterfaceOrientations_iPhone = "UIInterfaceOrientationPortrait UIInterfaceOrientationLandscapeLeft UIInterfaceOrientationLandscapeRight";
				IPHONEOS_DEPLOYMENT_TARGET = 16.0;
				LD_RUNPATH_SEARCH_PATHS = (
					"$(inherited)",
					"@executable_path/Frameworks",
				);
				MARKETING_VERSION = 1.0;
				PRODUCT_BUNDLE_IDENTIFIER = KamsQue.demoapp;
				PRODUCT_NAME = "$(TARGET_NAME)";
				SWIFT_EMIT_LOC_STRINGS = YES;
				SWIFT_VERSION = 5.0;
				TARGETED_DEVICE_FAMILY = "1,2";
			};
			name = Release;
		};
		5D0CFC032A9F78E100FB1DA2 /* Debug */ = {
			isa = XCBuildConfiguration;
			buildSettings = {
				ALWAYS_EMBED_SWIFT_STANDARD_LIBRARIES = YES;
				BUNDLE_LOADER = "$(TEST_HOST)";
				CODE_SIGN_STYLE = Automatic;
				CURRENT_PROJECT_VERSION = 1;
				DEVELOPMENT_TEAM = CT7H96YF74;
				GENERATE_INFOPLIST_FILE = YES;
				IPHONEOS_DEPLOYMENT_TARGET = 17.0;
				MARKETING_VERSION = 1.0;
				PRODUCT_BUNDLE_IDENTIFIER = KamsQue.demoappTests;
				PRODUCT_NAME = "$(TARGET_NAME)";
				SWIFT_EMIT_LOC_STRINGS = NO;
				SWIFT_VERSION = 5.0;
				TARGETED_DEVICE_FAMILY = "1,2";
				TEST_HOST = "$(BUILT_PRODUCTS_DIR)/demoapp.app/$(BUNDLE_EXECUTABLE_FOLDER_PATH)/demoapp";
			};
			name = Debug;
		};
		5D0CFC042A9F78E100FB1DA2 /* Release */ = {
			isa = XCBuildConfiguration;
			buildSettings = {
				ALWAYS_EMBED_SWIFT_STANDARD_LIBRARIES = YES;
				BUNDLE_LOADER = "$(TEST_HOST)";
				CODE_SIGN_STYLE = Automatic;
				CURRENT_PROJECT_VERSION = 1;
				DEVELOPMENT_TEAM = CT7H96YF74;
				GENERATE_INFOPLIST_FILE = YES;
				IPHONEOS_DEPLOYMENT_TARGET = 17.0;
				MARKETING_VERSION = 1.0;
				PRODUCT_BUNDLE_IDENTIFIER = KamsQue.demoappTests;
				PRODUCT_NAME = "$(TARGET_NAME)";
				SWIFT_EMIT_LOC_STRINGS = NO;
				SWIFT_VERSION = 5.0;
				TARGETED_DEVICE_FAMILY = "1,2";
				TEST_HOST = "$(BUILT_PRODUCTS_DIR)/demoapp.app/$(BUNDLE_EXECUTABLE_FOLDER_PATH)/demoapp";
			};
			name = Release;
		};
		5D0CFC062A9F78E100FB1DA2 /* Debug */ = {
			isa = XCBuildConfiguration;
			buildSettings = {
				ALWAYS_EMBED_SWIFT_STANDARD_LIBRARIES = YES;
				CODE_SIGN_STYLE = Automatic;
				CURRENT_PROJECT_VERSION = 1;
				DEVELOPMENT_TEAM = CT7H96YF74;
				GENERATE_INFOPLIST_FILE = YES;
				MARKETING_VERSION = 1.0;
				PRODUCT_BUNDLE_IDENTIFIER = KamsQue.demoappUITests;
				PRODUCT_NAME = "$(TARGET_NAME)";
				SWIFT_EMIT_LOC_STRINGS = NO;
				SWIFT_VERSION = 5.0;
				TARGETED_DEVICE_FAMILY = "1,2";
				TEST_TARGET_NAME = demoapp;
			};
			name = Debug;
		};
		5D0CFC072A9F78E100FB1DA2 /* Release */ = {
			isa = XCBuildConfiguration;
			buildSettings = {
				ALWAYS_EMBED_SWIFT_STANDARD_LIBRARIES = YES;
				CODE_SIGN_STYLE = Automatic;
				CURRENT_PROJECT_VERSION = 1;
				DEVELOPMENT_TEAM = CT7H96YF74;
				GENERATE_INFOPLIST_FILE = YES;
				MARKETING_VERSION = 1.0;
				PRODUCT_BUNDLE_IDENTIFIER = KamsQue.demoappUITests;
				PRODUCT_NAME = "$(TARGET_NAME)";
				SWIFT_EMIT_LOC_STRINGS = NO;
				SWIFT_VERSION = 5.0;
				TARGETED_DEVICE_FAMILY = "1,2";
				TEST_TARGET_NAME = demoapp;
			};
			name = Release;
		};
/* End XCBuildConfiguration section */

/* Begin XCConfigurationList section */
		5D0CFBD62A9F78D400FB1DA2 /* Build configuration list for PBXProject "NavigationStackTutorial" */ = {
			isa = XCConfigurationList;
			buildConfigurations = (
				5D0CFBFD2A9F78E100FB1DA2 /* Debug */,
				5D0CFBFE2A9F78E100FB1DA2 /* Release */,
			);
			defaultConfigurationIsVisible = 0;
			defaultConfigurationName = Release;
		};
		5D0CFBFF2A9F78E100FB1DA2 /* Build configuration list for PBXNativeTarget "NavigationStackTutorail" */ = {
			isa = XCConfigurationList;
			buildConfigurations = (
				5D0CFC002A9F78E100FB1DA2 /* Debug */,
				5D0CFC012A9F78E100FB1DA2 /* Release */,
			);
			defaultConfigurationIsVisible = 0;
			defaultConfigurationName = Release;
		};
		5D0CFC022A9F78E100FB1DA2 /* Build configuration list for PBXNativeTarget "NavigationStackTutorailTests" */ = {
			isa = XCConfigurationList;
			buildConfigurations = (
				5D0CFC032A9F78E100FB1DA2 /* Debug */,
				5D0CFC042A9F78E100FB1DA2 /* Release */,
			);
			defaultConfigurationIsVisible = 0;
			defaultConfigurationName = Release;
		};
		5D0CFC052A9F78E100FB1DA2 /* Build configuration list for PBXNativeTarget "NavigationStackTutorailUITests" */ = {
			isa = XCConfigurationList;
			buildConfigurations = (
				5D0CFC062A9F78E100FB1DA2 /* Debug */,
				5D0CFC072A9F78E100FB1DA2 /* Release */,
			);
			defaultConfigurationIsVisible = 0;
			defaultConfigurationName = Release;
		};
/* End XCConfigurationList section */
	};
	rootObject = 5D0CFBD32A9F78D400FB1DA2 /* Project object */;
}
